
Microsoft Visual Studio Solution File, Format Version 12.00
# Visual Studio 14
VisualStudioVersion = 14.0.25420.1
MinimumVisualStudioVersion = 10.0.40219.1
Project("{FAE04EC0-301F-11D3-BF4B-00C04F79EFBC}") = "api-rest-sgmw", "api-rest-sgmw\api-rest-sgmw.csproj", "{9818AC45-8966-4094-B4B4-FBD0FB8F647C}"
EndProject
Project("{FAE04EC0-301F-11D3-BF4B-00C04F79EFBC}") = "api-rest-sgmw.Tests", "api-rest-sgmw.Tests\api-rest-sgmw.Tests.csproj", "{D9ACCB98-D9B5-48B9-8B33-4F6A2F88C62E}"
EndProject
Global
	GlobalSection(SolutionConfigurationPlatforms) = preSolution
		Debug|Any CPU = Debug|Any CPU
		Release|Any CPU = Release|Any CPU
	EndGlobalSection
	GlobalSection(ProjectConfigurationPlatforms) = postSolution
		{9818AC45-8966-4094-B4B4-FBD0FB8F647C}.Debug|Any CPU.ActiveCfg = Debug|Any CPU
		{9818AC45-8966-4094-B4B4-FBD0FB8F647C}.Debug|Any CPU.Build.0 = Debug|Any CPU
		{9818AC45-8966-4094-B4B4-FBD0FB8F647C}.Release|Any CPU.ActiveCfg = Release|Any CPU
		{9818AC45-8966-4094-B4B4-FBD0FB8F647C}.Release|Any CPU.Build.0 = Release|Any CPU
		{D9ACCB98-D9B5-48B9-8B33-4F6A2F88C62E}.Debug|Any CPU.ActiveCfg = Debug|Any CPU
		{D9ACCB98-D9B5-48B9-8B33-4F6A2F88C62E}.Debug|Any CPU.Build.0 = Debug|Any CPU
		{D9ACCB98-D9B5-48B9-8B33-4F6A2F88C62E}.Release|Any CPU.ActiveCfg = Release|Any CPU
		{D9ACCB98-D9B5-48B9-8B33-4F6A2F88C62E}.Release|Any CPU.Build.0 = Release|Any CPU
	EndGlobalSection
	GlobalSection(SolutionProperties) = preSolution
		HideSolutionNode = FALSE
	EndGlobalSection
EndGlobal
